Microsoft Visual Studio Solution File, Format Version 12.00
# Visual Studio Version 17
VisualStudioVersion = 17.5.2.0
MinimumVisualStudioVersion = 10.0.40219.1
Project("{FAE04EC0-301F-11D3-BF4B-00C04F79EFBC}") = "RetrainingScheduler", "RetrainingScheduler.csproj", "{D09FB037-0909-4698-9F96-2C09AFE46721}"
EndProject
Global
	GlobalSection(SolutionConfigurationPlatforms) = preSolution
		Debug|Any CPU = Debug|Any CPU
		Release|Any CPU = Release|Any CPU
	EndGlobalSection
	GlobalSection(ProjectConfigurationPlatforms) = postSolution
		{D09FB037-0909-4698-9F96-2C09AFE46721}.Debug|Any CPU.ActiveCfg = Debug|Any CPU
		{D09FB037-0909-4698-9F96-2C09AFE46721}.Debug|Any CPU.Build.0 = Debug|Any CPU
		{D09FB037-0909-4698-9F96-2C09AFE46721}.Release|Any CPU.ActiveCfg = Release|Any CPU
		{D09FB037-0909-4698-9F96-2C09AFE46721}.Release|Any CPU.Build.0 = Release|Any CPU
	EndGlobalSection
	GlobalSection(SolutionProperties) = preSolution
		HideSolutionNode = FALSE
	EndGlobalSection
	GlobalSection(ExtensibilityGlobals) = postSolution
		SolutionGuid = {6F95D870-1099-4AAE-96B1-00409BFC5296}
	EndGlobalSection
EndGlobal
